
Microsoft Visual Studio Solution File, Format Version 12.00
# Visual Studio Version 16
VisualStudioVersion = 16.0.30611.23
MinimumVisualStudioVersion = 10.0.40219.1
Project("{FAE04EC0-301F-11D3-BF4B-00C04F79EFBC}") = "Matcoin", "Matcoin\Matcoin.csproj", "{04E02C33-F738-4009-8A93-A748E1017923}"
EndProject
Global
	GlobalSection(SolutionConfigurationPlatforms) = preSolution
		Debug|Any CPU = Debug|Any CPU
		Release|Any CPU = Release|Any CPU
	EndGlobalSection
	GlobalSection(ProjectConfigurationPlatforms) = postSolution
		{04E02C33-F738-4009-8A93-A748E1017923}.Debug|Any CPU.ActiveCfg = Debug|Any CPU
		{04E02C33-F738-4009-8A93-A748E1017923}.Debug|Any CPU.Build.0 = Debug|Any CPU
		{04E02C33-F738-4009-8A93-A748E1017923}.Release|Any CPU.ActiveCfg = Release|Any CPU
		{04E02C33-F738-4009-8A93-A748E1017923}.Release|Any CPU.Build.0 = Release|Any CPU
	EndGlobalSection
	GlobalSection(SolutionProperties) = preSolution
		HideSolutionNode = FALSE
	EndGlobalSection
	GlobalSection(ExtensibilityGlobals) = postSolution
		SolutionGuid = {FB88C396-FF24-4F22-BE8D-707FAA302ACC}
	EndGlobalSection
EndGlobal
